
Microsoft Visual Studio Solution File, Format Version 12.00
# Visual Studio Version 17
VisualStudioVersion = 17.10.35013.160
MinimumVisualStudioVersion = 10.0.40219.1
Project("{FAE04EC0-301F-11D3-BF4B-00C04F79EFBC}") = "backend", "backend.csproj", "{577A5561-0E85-4763-A2D0-0033FDF98E57}"
EndProject
Global
	GlobalSection(SolutionConfigurationPlatforms) = preSolution
		Debug|Any CPU = Debug|Any CPU
		Release|Any CPU = Release|Any CPU
	EndGlobalSection
	GlobalSection(ProjectConfigurationPlatforms) = postSolution
		{577A5561-0E85-4763-A2D0-0033FDF98E57}.Debug|Any CPU.ActiveCfg = Debug|Any CPU
		{577A5561-0E85-4763-A2D0-0033FDF98E57}.Debug|Any CPU.Build.0 = Debug|Any CPU
		{577A5561-0E85-4763-A2D0-0033FDF98E57}.Release|Any CPU.ActiveCfg = Release|Any CPU
		{577A5561-0E85-4763-A2D0-0033FDF98E57}.Release|Any CPU.Build.0 = Release|Any CPU
	EndGlobalSection
	GlobalSection(SolutionProperties) = preSolution
		HideSolutionNode = FALSE
	EndGlobalSection
	GlobalSection(ExtensibilityGlobals) = postSolution
		SolutionGuid = {1B72307A-9DC3-4358-BD21-5963D5849BB4}
	EndGlobalSection
EndGlobal
